
Microsoft Visual Studio Solution File, Format Version 12.00
# Visual Studio Version 17
VisualStudioVersion = 17.3.32825.248
MinimumVisualStudioVersion = 10.0.40219.1
Project("{FAE04EC0-301F-11D3-BF4B-00C04F79EFBC}") = "LRCH-DBAS-Group-Project", "LRCH-DBAS-Group-Project\LRCH-DBAS-Group-Project.csproj", "{943AD666-16FF-4BBD-A9C1-80DEA8C86195}"
EndProject
Global
	GlobalSection(SolutionConfigurationPlatforms) = preSolution
		Debug|Any CPU = Debug|Any CPU
		Release|Any CPU = Release|Any CPU
	EndGlobalSection
	GlobalSection(ProjectConfigurationPlatforms) = postSolution
		{943AD666-16FF-4BBD-A9C1-80DEA8C86195}.Debug|Any CPU.ActiveCfg = Debug|Any CPU
		{943AD666-16FF-4BBD-A9C1-80DEA8C86195}.Debug|Any CPU.Build.0 = Debug|Any CPU
		{943AD666-16FF-4BBD-A9C1-80DEA8C86195}.Release|Any CPU.ActiveCfg = Release|Any CPU
		{943AD666-16FF-4BBD-A9C1-80DEA8C86195}.Release|Any CPU.Build.0 = Release|Any CPU
	EndGlobalSection
	GlobalSection(SolutionProperties) = preSolution
		HideSolutionNode = FALSE
	EndGlobalSection
	GlobalSection(ExtensibilityGlobals) = postSolution
		SolutionGuid = {BD5158AB-9BB6-4AAF-B013-D671A9310EAD}
	EndGlobalSection
EndGlobal
